
Microsoft Visual Studio Solution File, Format Version 12.00
# Visual Studio Version 16
VisualStudioVersion = 16.0.31702.278
MinimumVisualStudioVersion = 10.0.40219.1
Project("{9A19103F-16F7-4668-BE54-9A1E7A4F7556}") = "mjlib", "mjlib\mjlib.csproj", "{D18A83AE-2B7B-4BB0-9B07-6D58C006CA71}"
EndProject
Project("{FAE04EC0-301F-11D3-BF4B-00C04F79EFBC}") = "mjlibTest", "mjlibTest\mjlibTest.csproj", "{7BCDB8D6-D1F3-4756-B03B-517E185B3D0D}"
EndProject
Global
	GlobalSection(SolutionConfigurationPlatforms) = preSolution
		Debug|Any CPU = Debug|Any CPU
		Release|Any CPU = Release|Any CPU
	EndGlobalSection
	GlobalSection(ProjectConfigurationPlatforms) = postSolution
		{D18A83AE-2B7B-4BB0-9B07-6D58C006CA71}.Debug|Any CPU.ActiveCfg = Debug|Any CPU
		{D18A83AE-2B7B-4BB0-9B07-6D58C006CA71}.Debug|Any CPU.Build.0 = Debug|Any CPU
		{D18A83AE-2B7B-4BB0-9B07-6D58C006CA71}.Release|Any CPU.ActiveCfg = Release|Any CPU
		{D18A83AE-2B7B-4BB0-9B07-6D58C006CA71}.Release|Any CPU.Build.0 = Release|Any CPU
		{7BCDB8D6-D1F3-4756-B03B-517E185B3D0D}.Debug|Any CPU.ActiveCfg = Debug|Any CPU
		{7BCDB8D6-D1F3-4756-B03B-517E185B3D0D}.Debug|Any CPU.Build.0 = Debug|Any CPU
		{7BCDB8D6-D1F3-4756-B03B-517E185B3D0D}.Release|Any CPU.ActiveCfg = Release|Any CPU
		{7BCDB8D6-D1F3-4756-B03B-517E185B3D0D}.Release|Any CPU.Build.0 = Release|Any CPU
	EndGlobalSection
	GlobalSection(SolutionProperties) = preSolution
		HideSolutionNode = FALSE
	EndGlobalSection
	GlobalSection(ExtensibilityGlobals) = postSolution
		SolutionGuid = {0DA6F20F-BEBB-4FBF-9669-0C779D0B51ED}
	EndGlobalSection
EndGlobal
